
Microsoft Visual Studio Solution File, Format Version 12.00
# Visual Studio Version 16
VisualStudioVersion = 16.0.31829.152
MinimumVisualStudioVersion = 10.0.40219.1
Project("{FAE04EC0-301F-11D3-BF4B-00C04F79EFBC}") = "SHA256Hash", "SHA256Hash\SHA256Hash.csproj", "{FD3CB51F-48D0-41EC-ACEA-564EB72166FA}"
EndProject
Global
	GlobalSection(SolutionConfigurationPlatforms) = preSolution
		Debug|Any CPU = Debug|Any CPU
		Release|Any CPU = Release|Any CPU
	EndGlobalSection
	GlobalSection(ProjectConfigurationPlatforms) = postSolution
		{FD3CB51F-48D0-41EC-ACEA-564EB72166FA}.Debug|Any CPU.ActiveCfg = Debug|Any CPU
		{FD3CB51F-48D0-41EC-ACEA-564EB72166FA}.Debug|Any CPU.Build.0 = Debug|Any CPU
		{FD3CB51F-48D0-41EC-ACEA-564EB72166FA}.Release|Any CPU.ActiveCfg = Release|Any CPU
		{FD3CB51F-48D0-41EC-ACEA-564EB72166FA}.Release|Any CPU.Build.0 = Release|Any CPU
	EndGlobalSection
	GlobalSection(SolutionProperties) = preSolution
		HideSolutionNode = FALSE
	EndGlobalSection
	GlobalSection(ExtensibilityGlobals) = postSolution
		SolutionGuid = {18F5F054-A4C1-4DD1-ADB3-4DE221C99310}
	EndGlobalSection
EndGlobal
